
Microsoft Visual Studio Solution File, Format Version 12.00
# Visual Studio Version 16
VisualStudioVersion = 16.0.31702.278
MinimumVisualStudioVersion = 10.0.40219.1
Project("{9A19103F-16F7-4668-BE54-9A1E7A4F7556}") = "WebApplication1_Core50", "WebApplication1_Core50.csproj", "{EB4554BF-8E85-4FF3-927F-2BAA59108701}"
EndProject
Global
	GlobalSection(SolutionConfigurationPlatforms) = preSolution
		Debug|Any CPU = Debug|Any CPU
		Release|Any CPU = Release|Any CPU
	EndGlobalSection
	GlobalSection(ProjectConfigurationPlatforms) = postSolution
		{EB4554BF-8E85-4FF3-927F-2BAA59108701}.Debug|Any CPU.ActiveCfg = Debug|Any CPU
		{EB4554BF-8E85-4FF3-927F-2BAA59108701}.Debug|Any CPU.Build.0 = Debug|Any CPU
		{EB4554BF-8E85-4FF3-927F-2BAA59108701}.Release|Any CPU.ActiveCfg = Release|Any CPU
		{EB4554BF-8E85-4FF3-927F-2BAA59108701}.Release|Any CPU.Build.0 = Release|Any CPU
	EndGlobalSection
	GlobalSection(SolutionProperties) = preSolution
		HideSolutionNode = FALSE
	EndGlobalSection
	GlobalSection(ExtensibilityGlobals) = postSolution
		SolutionGuid = {0DB88254-B53C-4C83-A767-BB8FC3C32E32}
	EndGlobalSection
EndGlobal
